// !$*UTF8*$!
{
	archiveVersion = 1;
	classes = {
	};
	objectVersion = 56;
	objects = {

/* Begin PBXBuildFile section */
		4C2EDA1E2AD7F07E0001E02C /* Model.swift in Sources */ = {isa = PBXBuildFile; fileRef = 4C2EDA1D2AD7F07E0001E02C /* Model.swift */; };
		4CACACAD2B03948A00CD7D42 /* CombineMoya in Frameworks */ = {isa = PBXBuildFile; productRef = 4CACACAC2B03948A00CD7D42 /* CombineMoya */; };
		4CACACAF2B03948A00CD7D42 /* Moya in Frameworks */ = {isa = PBXBuildFile; productRef = 4CACACAE2B03948A00CD7D42 /* Moya */; };
		4CACACB12B03948A00CD7D42 /* ReactiveMoya in Frameworks */ = {isa = PBXBuildFile; productRef = 4CACACB02B03948A00CD7D42 /* ReactiveMoya */; };
		4CACACB32B03948A00CD7D42 /* RxMoya in Frameworks */ = {isa = PBXBuildFile; productRef = 4CACACB22B03948A00CD7D42 /* RxMoya */; };
		4CACACCD2B06FB4F00CD7D42 /* ViewModel.swift in Sources */ = {isa = PBXBuildFile; fileRef = 4CACACCC2B06FB4F00CD7D42 /* ViewModel.swift */; };
		4CAED92F2ABEB3E500A1EE76 /* APIdataApp.swift in Sources */ = {isa = PBXBuildFile; fileRef = 4CAED92E2ABEB3E500A1EE76 /* APIdataApp.swift */; };
		4CAED9312ABEB3E500A1EE76 /* ContentView.swift in Sources */ = {isa = PBXBuildFile; fileRef = 4CAED9302ABEB3E500A1EE76 /* ContentView.swift */; };
		4CAED9332ABEB3E600A1EE76 /* Assets.xcassets in Resources */ = {isa = PBXBuildFile; fileRef = 4CAED9322ABEB3E600A1EE76 /* Assets.xcassets */; };
		4CAED9362ABEB3E600A1EE76 /* Preview Assets.xcassets in Resources */ = {isa = PBXBuildFile; fileRef = 4CAED9352ABEB3E600A1EE76 /* Preview Assets.xcassets */; };
/* End PBXBuildFile section */

/* Begin PBXFileReference section */
		4C2EDA1D2AD7F07E0001E02C /* Model.swift */ = {isa = PBXFileReference; lastKnownFileType = sourcecode.swift; path = Model.swift; sourceTree = "<group>"; };
		4CACACCC2B06FB4F00CD7D42 /* ViewModel.swift */ = {isa = PBXFileReference; lastKnownFileType = sourcecode.swift; path = ViewModel.swift; sourceTree = "<group>"; };
		4CAED92B2ABEB3E500A1EE76 /* APIdata.app */ = {isa = PBXFileReference; explicitFileType = wrapper.application; includeInIndex = 0; path = APIdata.app; sourceTree = BUILT_PRODUCTS_DIR; };
		4CAED92E2ABEB3E500A1EE76 /* APIdataApp.swift */ = {isa = PBXFileReference; lastKnownFileType = sourcecode.swift; path = APIdataApp.swift; sourceTree = "<group>"; };
		4CAED9302ABEB3E500A1EE76 /* ContentView.swift */ = {isa = PBXFileReference; lastKnownFileType = sourcecode.swift; path = ContentView.swift; sourceTree = "<group>"; };
		4CAED9322ABEB3E600A1EE76 /* Assets.xcassets */ = {isa = PBXFileReference; lastKnownFileType = folder.assetcatalog; path = Assets.xcassets; sourceTree = "<group>"; };
		4CAED9352ABEB3E600A1EE76 /* Preview Assets.xcassets */ = {isa = PBXFileReference; lastKnownFileType = folder.assetcatalog; path = "Preview Assets.xcassets"; sourceTree = "<group>"; };
/* End PBXFileReference section */

/* Begin PBXFrameworksBuildPhase section */
		4CAED9282ABEB3E500A1EE76 /* Frameworks */ = {
			isa = PBXFrameworksBuildPhase;
			buildActionMask = 2147483647;
			files = (
				4CACACAF2B03948A00CD7D42 /* Moya in Frameworks */,
				4CACACAD2B03948A00CD7D42 /* CombineMoya in Frameworks */,
				4CACACB32B03948A00CD7D42 /* RxMoya in Frameworks */,
				4CACACB12B03948A00CD7D42 /* ReactiveMoya in Frameworks */,
			);
			runOnlyForDeploymentPostprocessing = 0;
		};
/* End PBXFrameworksBuildPhase section */

/* Begin PBXGroup section */
		4CAED9222ABEB3E500A1EE76 = {
			isa = PBXGroup;
			children = (
				4CAED92D2ABEB3E500A1EE76 /* APIdata */,
				4CAED92C2ABEB3E500A1EE76 /* Products */,
			);
			sourceTree = "<group>";
		};
		4CAED92C2ABEB3E500A1EE76 /* Products */ = {
			isa = PBXGroup;
			children = (
				4CAED92B2ABEB3E500A1EE76 /* APIdata.app */,
			);
			name = Products;
			sourceTree = "<group>";
		};
		4CAED92D2ABEB3E500A1EE76 /* APIdata */ = {
			isa = PBXGroup;
			children = (
				4CAED92E2ABEB3E500A1EE76 /* APIdataApp.swift */,
				4CAED9302ABEB3E500A1EE76 /* ContentView.swift */,
				4CACACCC2B06FB4F00CD7D42 /* ViewModel.swift */,
				4C2EDA1D2AD7F07E0001E02C /* Model.swift */,
				4CAED9322ABEB3E600A1EE76 /* Assets.xcassets */,
				4CAED9342ABEB3E600A1EE76 /* Preview Content */,
			);
			path = APIdata;
			sourceTree = "<group>";
		};
		4CAED9342ABEB3E600A1EE76 /* Preview Content */ = {
			isa = PBXGroup;
			children = (
				4CAED9352ABEB3E600A1EE76 /* Preview Assets.xcassets */,
			);
			path = "Preview Content";
			sourceTree = "<group>";
		};
/* End PBXGroup section */

/* Begin PBXNativeTarget section */
		4CAED92A2ABEB3E500A1EE76 /* APIdata */ = {
			isa = PBXNativeTarget;
			buildConfigurationList = 4CAED9392ABEB3E600A1EE76 /* Build configuration list for PBXNativeTarget "APIdata" */;
			buildPhases = (
				4CAED9272ABEB3E500A1EE76 /* Sources */,
				4CAED9282ABEB3E500A1EE76 /* Frameworks */,
				4CAED9292ABEB3E500A1EE76 /* Resources */,
			);
			buildRules = (
			);
			dependencies = (
			);
			name = APIdata;
			packageProductDependencies = (
				4CACACAC2B03948A00CD7D42 /* CombineMoya */,
				4CACACAE2B03948A00CD7D42 /* Moya */,
				4CACACB02B03948A00CD7D42 /* ReactiveMoya */,
				4CACACB22B03948A00CD7D42 /* RxMoya */,
			);
			productName = APIdata;
			productReference = 4CAED92B2ABEB3E500A1EE76 /* APIdata.app */;
			productType = "com.apple.product-type.application";
		};
/* End PBXNativeTarget section */

/* Begin PBXProject section */
		4CAED9232ABEB3E500A1EE76 /* Project object */ = {
			isa = PBXProject;
			attributes = {
				BuildIndependentTargetsInParallel = 1;
				LastSwiftUpdateCheck = 1430;
				LastUpgradeCheck = 1500;
				TargetAttributes = {
					4CAED92A2ABEB3E500A1EE76 = {
						CreatedOnToolsVersion = 14.3.1;
					};
				};
			};
			buildConfigurationList = 4CAED9262ABEB3E500A1EE76 /* Build configuration list for PBXProject "APIdata" */;
			compatibilityVersion = "Xcode 14.0";
			developmentRegion = en;
			hasScannedForEncodings = 0;
			knownRegions = (
				en,
				Base,
			);
			mainGroup = 4CAED9222ABEB3E500A1EE76;
			packageReferences = (
				4CACACAB2B03948A00CD7D42 /* XCRemoteSwiftPackageReference "Moya" */,
			);
			productRefGroup = 4CAED92C2ABEB3E500A1EE76 /* Products */;
			projectDirPath = "";
			projectRoot = "";
			targets = (
				4CAED92A2ABEB3E500A1EE76 /* APIdata */,
			);
		};
/* End PBXProject section */

/* Begin PBXResourcesBuildPhase section */
		4CAED9292ABEB3E500A1EE76 /* Resources */ = {
			isa = PBXResourcesBuildPhase;
			buildActionMask = 2147483647;
			files = (
				4CAED9362ABEB3E600A1EE76 /* Preview Assets.xcassets in Resources */,
				4CAED9332ABEB3E600A1EE76 /* Assets.xcassets in Resources */,
			);
			runOnlyForDeploymentPostprocessing = 0;
		};
/* End PBXResourcesBuildPhase section */

/* Begin PBXSourcesBuildPhase section */
		4CAED9272ABEB3E500A1EE76 /* Sources */ = {
			isa = PBXSourcesBuildPhase;
			buildActionMask = 2147483647;
			files = (
				4C2EDA1E2AD7F07E0001E02C /* Model.swift in Sources */,
				4CAED9312ABEB3E500A1EE76 /* ContentView.swift in Sources */,
				4CACACCD2B06FB4F00CD7D42 /* ViewModel.swift in Sources */,
				4CAED92F2ABEB3E500A1EE76 /* APIdataApp.swift in Sources */,
			);
			runOnlyForDeploymentPostprocessing = 0;
		};
/* End PBXSourcesBuildPhase section */

/* Begin XCBuildConfiguration section */
		4CAED9372ABEB3E600A1EE76 /* Debug */ = {
			isa = XCBuildConfiguration;
			buildSettings = {
				ALWAYS_SEARCH_USER_PATHS = NO;
				CLANG_ANALYZER_NONNULL = YES;
				CLANG_ANALYZER_NUMBER_OBJECT_CONVERSION = YES_AGGRESSIVE;
				CLANG_CXX_LANGUAGE_STANDARD = "gnu++20";
				CLANG_ENABLE_MODULES = YES;
				CLANG_ENABLE_OBJC_ARC = YES;
				CLANG_ENABLE_OBJC_WEAK = YES;
				CLANG_WARN_BLOCK_CAPTURE_AUTORELEASING = YES;
				CLANG_WARN_BOOL_CONVERSION = YES;
				CLANG_WARN_COMMA = YES;
				CLANG_WARN_CONSTANT_CONVERSION = YES;
				CLANG_WARN_DEPRECATED_OBJC_IMPLEMENTATIONS = YES;
				CLANG_WARN_DIRECT_OBJC_ISA_USAGE = YES_ERROR;
				CLANG_WARN_DOCUMENTATION_COMMENTS = YES;
				CLANG_WARN_EMPTY_BODY = YES;
				CLANG_WARN_ENUM_CONVERSION = YES;
				CLANG_WARN_INFINITE_RECURSION = YES;
				CLANG_WARN_INT_CONVERSION = YES;
				CLANG_WARN_NON_LITERAL_NULL_CONVERSION = YES;
				CLANG_WARN_OBJC_IMPLICIT_RETAIN_SELF = YES;
				CLANG_WARN_OBJC_LITERAL_CONVERSION = YES;
				CLANG_WARN_OBJC_ROOT_CLASS = YES_ERROR;
				CLANG_WARN_QUOTED_INCLUDE_IN_FRAMEWORK_HEADER = YES;
				CLANG_WARN_RANGE_LOOP_ANALYSIS = YES;
				CLANG_WARN_STRICT_PROTOTYPES = YES;
				CLANG_WARN_SUSPICIOUS_MOVE = YES;
				CLANG_WARN_UNGUARDED_AVAILABILITY = YES_AGGRESSIVE;
				CLANG_WARN_UNREACHABLE_CODE = YES;
				CLANG_WARN__DUPLICATE_METHOD_MATCH = YES;
				COPY_PHASE_STRIP = NO;
				DEBUG_INFORMATION_FORMAT = dwarf;
				ENABLE_STRICT_OBJC_MSGSEND = YES;
				ENABLE_TESTABILITY = YES;
				ENABLE_USER_SCRIPT_SANDBOXING = YES;
				GCC_C_LANGUAGE_STANDARD = gnu11;
				GCC_DYNAMIC_NO_PIC = NO;
				GCC_NO_COMMON_BLOCKS = YES;
				GCC_OPTIMIZATION_LEVEL = 0;
				GCC_PREPROCESSOR_DEFINITIONS = (
					"DEBUG=1",
					"$(inherited)",
				);
				GCC_WARN_64_TO_32_BIT_CONVERSION = YES;
				GCC_WARN_ABOUT_RETURN_TYPE = YES_ERROR;
				GCC_WARN_UNDECLARED_SELECTOR = YES;
				GCC_WARN_UNINITIALIZED_AUTOS = YES_AGGRESSIVE;
				GCC_WARN_UNUSED_FUNCTION = YES;
				GCC_WARN_UNUSED_VARIABLE = YES;
				IPHONEOS_DEPLOYMENT_TARGET = 16.4;
				MTL_ENABLE_DEBUG_INFO = INCLUDE_SOURCE;
				MTL_FAST_MATH = YES;
				ONLY_ACTIVE_ARCH = YES;
				SDKROOT = iphoneos;
				SWIFT_ACTIVE_COMPILATION_CONDITIONS = DEBUG;
				SWIFT_OPTIMIZATION_LEVEL = "-Onone";
			};
			name = Debug;
		};
		4CAED9382ABEB3E600A1EE76 /* Release */ = {
			isa = XCBuildConfiguration;
			buildSettings = {
				ALWAYS_SEARCH_USER_PATHS = NO;
				CLANG_ANALYZER_NONNULL = YES;
				CLANG_ANALYZER_NUMBER_OBJECT_CONVERSION = YES_AGGRESSIVE;
				CLANG_CXX_LANGUAGE_STANDARD = "gnu++20";
				CLANG_ENABLE_MODULES = YES;
				CLANG_ENABLE_OBJC_ARC = YES;
				CLANG_ENABLE_OBJC_WEAK = YES;
				CLANG_WARN_BLOCK_CAPTURE_AUTORELEASING = YES;
				CLANG_WARN_BOOL_CONVERSION = YES;
				CLANG_WARN_COMMA = YES;
				CLANG_WARN_CONSTANT_CONVERSION = YES;
				CLANG_WARN_DEPRECATED_OBJC_IMPLEMENTATIONS = YES;
				CLANG_WARN_DIRECT_OBJC_ISA_USAGE = YES_ERROR;
				CLANG_WARN_DOCUMENTATION_COMMENTS = YES;
				CLANG_WARN_EMPTY_BODY = YES;
				CLANG_WARN_ENUM_CONVERSION = YES;
				CLANG_WARN_INFINITE_RECURSION = YES;
				CLANG_WARN_INT_CONVERSION = YES;
				CLANG_WARN_NON_LITERAL_NULL_CONVERSION = YES;
				CLANG_WARN_OBJC_IMPLICIT_RETAIN_SELF = YES;
				CLANG_WARN_OBJC_LITERAL_CONVERSION = YES;
				CLANG_WARN_OBJC_ROOT_CLASS = YES_ERROR;
				CLANG_WARN_QUOTED_INCLUDE_IN_FRAMEWORK_HEADER = YES;
				CLANG_WARN_RANGE_LOOP_ANALYSIS = YES;
				CLANG_WARN_STRICT_PROTOTYPES = YES;
				CLANG_WARN_SUSPICIOUS_MOVE = YES;
				CLANG_WARN_UNGUARDED_AVAILABILITY = YES_AGGRESSIVE;
				CLANG_WARN_UNREACHABLE_CODE = YES;
				CLANG_WARN__DUPLICATE_METHOD_MATCH = YES;
				COPY_PHASE_STRIP = NO;
				DEBUG_INFORMATION_FORMAT = "dwarf-with-dsym";
				ENABLE_NS_ASSERTIONS = NO;
				ENABLE_STRICT_OBJC_MSGSEND = YES;
				ENABLE_USER_SCRIPT_SANDBOXING = YES;
				GCC_C_LANGUAGE_STANDARD = gnu11;
				GCC_NO_COMMON_BLOCKS = YES;
				GCC_WARN_64_TO_32_BIT_CONVERSION = YES;
				GCC_WARN_ABOUT_RETURN_TYPE = YES_ERROR;
				GCC_WARN_UNDECLARED_SELECTOR = YES;
				GCC_WARN_UNINITIALIZED_AUTOS = YES_AGGRESSIVE;
				GCC_WARN_UNUSED_FUNCTION = YES;
				GCC_WARN_UNUSED_VARIABLE = YES;
				IPHONEOS_DEPLOYMENT_TARGET = 16.4;
				MTL_ENABLE_DEBUG_INFO = NO;
				MTL_FAST_MATH = YES;
				SDKROOT = iphoneos;
				SWIFT_COMPILATION_MODE = wholemodule;
				SWIFT_OPTIMIZATION_LEVEL = "-O";
				VALIDATE_PRODUCT = YES;
			};
			name = Release;
		};
		4CAED93A2ABEB3E600A1EE76 /* Debug */ = {
			isa = XCBuildConfiguration;
			buildSettings = {
				ASSETCATALOG_COMPILER_APPICON_NAME = AppIcon;
				ASSETCATALOG_COMPILER_GLOBAL_ACCENT_COLOR_NAME = AccentColor;
				CODE_SIGN_STYLE = Automatic;
				CURRENT_PROJECT_VERSION = 1;
				DEVELOPMENT_ASSET_PATHS = "\"APIdata/Preview Content\"";
				ENABLE_PREVIEWS = YES;
				GENERATE_INFOPLIST_FILE = YES;
				INFOPLIST_KEY_UIApplicationSceneManifest_Generation = YES;
				INFOPLIST_KEY_UIApplicationSupportsIndirectInputEvents = YES;
				INFOPLIST_KEY_UILaunchScreen_Generation = YES;
				INFOPLIST_KEY_UISupportedInterfaceOrientations_iPad = "UIInterfaceOrientationPortrait UIInterfaceOrientationPortraitUpsideDown UIInterfaceOrientationLandscapeLeft UIInterfaceOrientationLandscapeRight";
				INFOPLIST_KEY_UISupportedInterfaceOrientations_iPhone = "UIInterfaceOrientationPortrait UIInterfaceOrientationLandscapeLeft UIInterfaceOrientationLandscapeRight";
				LD_RUNPATH_SEARCH_PATHS = (
					"$(inherited)",
					"@executable_path/Frameworks",
				);
				MARKETING_VERSION = 1.0;
				PRODUCT_BUNDLE_IDENTIFIER = com.test.APIdata;
				PRODUCT_NAME = "$(TARGET_NAME)";
				SWIFT_EMIT_LOC_STRINGS = YES;
				SWIFT_VERSION = 5.0;
				TARGETED_DEVICE_FAMILY = "1,2";
			};
			name = Debug;
		};
		4CAED93B2ABEB3E600A1EE76 /* Release */ = {
			isa = XCBuildConfiguration;
			buildSettings = {
				ASSETCATALOG_COMPILER_APPICON_NAME = AppIcon;
				ASSETCATALOG_COMPILER_GLOBAL_ACCENT_COLOR_NAME = AccentColor;
				CODE_SIGN_STYLE = Automatic;
				CURRENT_PROJECT_VERSION = 1;
				DEVELOPMENT_ASSET_PATHS = "\"APIdata/Preview Content\"";
				ENABLE_PREVIEWS = YES;
				GENERATE_INFOPLIST_FILE = YES;
				INFOPLIST_KEY_UIApplicationSceneManifest_Generation = YES;
				INFOPLIST_KEY_UIApplicationSupportsIndirectInputEvents = YES;
				INFOPLIST_KEY_UILaunchScreen_Generation = YES;
				INFOPLIST_KEY_UISupportedInterfaceOrientations_iPad = "UIInterfaceOrientationPortrait UIInterfaceOrientationPortraitUpsideDown UIInterfaceOrientationLandscapeLeft UIInterfaceOrientationLandscapeRight";
				INFOPLIST_KEY_UISupportedInterfaceOrientations_iPhone = "UIInterfaceOrientationPortrait UIInterfaceOrientationLandscapeLeft UIInterfaceOrientationLandscapeRight";
				LD_RUNPATH_SEARCH_PATHS = (
					"$(inherited)",
					"@executable_path/Frameworks",
				);
				MARKETING_VERSION = 1.0;
				PRODUCT_BUNDLE_IDENTIFIER = com.test.APIdata;
				PRODUCT_NAME = "$(TARGET_NAME)";
				SWIFT_EMIT_LOC_STRINGS = YES;
				SWIFT_VERSION = 5.0;
				TARGETED_DEVICE_FAMILY = "1,2";
			};
			name = Release;
		};
/* End XCBuildConfiguration section */

/* Begin XCConfigurationList section */
		4CAED9262ABEB3E500A1EE76 /* Build configuration list for PBXProject "APIdata" */ = {
			isa = XCConfigurationList;
			buildConfigurations = (
				4CAED9372ABEB3E600A1EE76 /* Debug */,
				4CAED9382ABEB3E600A1EE76 /* Release */,
			);
			defaultConfigurationIsVisible = 0;
			defaultConfigurationName = Release;
		};
		4CAED9392ABEB3E600A1EE76 /* Build configuration list for PBXNativeTarget "APIdata" */ = {
			isa = XCConfigurationList;
			buildConfigurations = (
				4CAED93A2ABEB3E600A1EE76 /* Debug */,
				4CAED93B2ABEB3E600A1EE76 /* Release */,
			);
			defaultConfigurationIsVisible = 0;
			defaultConfigurationName = Release;
		};
/* End XCConfigurationList section */

/* Begin XCRemoteSwiftPackageReference section */
		4CACACAB2B03948A00CD7D42 /* XCRemoteSwiftPackageReference "Moya" */ = {
			isa = XCRemoteSwiftPackageReference;
			repositoryURL = "https://github.com/Moya/Moya";
			requirement = {
				kind = upToNextMajorVersion;
				minimumVersion = 15.0.3;
			};
		};
/* End XCRemoteSwiftPackageReference section */

/* Begin XCSwiftPackageProductDependency section */
		4CACACAC2B03948A00CD7D42 /* CombineMoya */ = {
			isa = XCSwiftPackageProductDependency;
			package = 4CACACAB2B03948A00CD7D42 /* XCRemoteSwiftPackageReference "Moya" */;
			productName = CombineMoya;
		};
		4CACACAE2B03948A00CD7D42 /* Moya */ = {
			isa = XCSwiftPackageProductDependency;
			package = 4CACACAB2B03948A00CD7D42 /* XCRemoteSwiftPackageReference "Moya" */;
			productName = Moya;
		};
		4CACACB02B03948A00CD7D42 /* ReactiveMoya */ = {
			isa = XCSwiftPackageProductDependency;
			package = 4CACACAB2B03948A00CD7D42 /* XCRemoteSwiftPackageReference "Moya" */;
			productName = ReactiveMoya;
		};
		4CACACB22B03948A00CD7D42 /* RxMoya */ = {
			isa = XCSwiftPackageProductDependency;
			package = 4CACACAB2B03948A00CD7D42 /* XCRemoteSwiftPackageReference "Moya" */;
			productName = RxMoya;
		};
/* End XCSwiftPackageProductDependency section */
	};
	rootObject = 4CAED9232ABEB3E500A1EE76 /* Project object */;
}
